
Microsoft Visual Studio Solution File, Format Version 12.00
Project("{2150E333-8FDC-42A3-9474-1A3956D46DE8}") = "src", "src", "{6CE6841B-08B2-4DB1-9E00-D9838195673F}"
EndProject
Project("{2150E333-8FDC-42A3-9474-1A3956D46DE8}") = "Services", "Services", "{90BAA5A4-4E9D-4BB0-9DD1-95D7924E6FC7}"
EndProject
Project("{FAE04EC0-301F-11D3-BF4B-00C04F79EFBC}") = "Ais.ToDo.Contracts", "src\Ais.ToDo.Contracts\Ais.ToDo.Contracts.csproj", "{58C33BE1-8197-487C-83B8-8451E21D0CC0}"
EndProject
Project("{FAE04EC0-301F-11D3-BF4B-00C04F79EFBC}") = "Ais.ToDo.Core", "src\Ais.ToDo.Core\Ais.ToDo.Core.csproj", "{7683DDCD-0243-472A-9909-C7AE7A2190E4}"
EndProject
Project("{FAE04EC0-301F-11D3-BF4B-00C04F79EFBC}") = "Ais.ToDo.Application", "src\Ais.ToDo.Application\Ais.ToDo.Application.csproj", "{22BB7A7B-B1A8-46EB-B7DA-A9E95D68D40F}"
EndProject
Project("{FAE04EC0-301F-11D3-BF4B-00C04F79EFBC}") = "Ais.ToDo.Api", "src\Ais.ToDo.Api\Ais.ToDo.Api.csproj", "{0148E159-FDA8-475C-9E53-65FCD94F75D7}"
EndProject
Project("{2150E333-8FDC-42A3-9474-1A3956D46DE8}") = "Commons", "Commons", "{BBEEC74E-451A-4F5B-AF41-CEE0B8C4ACBD}"
EndProject
Project("{FAE04EC0-301F-11D3-BF4B-00C04F79EFBC}") = "Ais.Commons.Application.Contracts", "src\Ais.Commons.Application.Contracts\Ais.Commons.Application.Contracts.csproj", "{F9ACF54F-80BA-4886-AB40-542A0E8F9D73}"
EndProject
Project("{FAE04EC0-301F-11D3-BF4B-00C04F79EFBC}") = "Ais.Commons.Utils", "src\Ais.Commons.Utils\Ais.Commons.Utils.csproj", "{DD82D938-BBBD-44A6-9EB0-DBEDE2EB4B4F}"
EndProject
Project("{FAE04EC0-301F-11D3-BF4B-00C04F79EFBC}") = "Ais.Commons.Core", "src\Ais.Commons.Core\Ais.Commons.Core.csproj", "{3AABDCC8-C9F2-446B-A478-FD3244F61FA4}"
EndProject
Project("{FAE04EC0-301F-11D3-BF4B-00C04F79EFBC}") = "Ais.Commons.CQRS", "src\Ais.Commons.CQRS\Ais.Commons.CQRS.csproj", "{568D7C71-F3A7-42B2-9301-5E1A7EA8CD43}"
EndProject
Project("{FAE04EC0-301F-11D3-BF4B-00C04F79EFBC}") = "Ais.ToDo.Infrastructure.Contracts", "src\Ais.ToDo.Infrastructure.Contracts\Ais.ToDo.Infrastructure.Contracts.csproj", "{92C504EC-1133-4D1C-9518-C618C59BE27E}"
EndProject
Project("{FAE04EC0-301F-11D3-BF4B-00C04F79EFBC}") = "Ais.Commons.DependencyInjection", "src\Ais.Commons.DependencyInjection\Ais.Commons.DependencyInjection.csproj", "{FE70E6AF-6F0B-45C7-93C4-D3BEA15C10EE}"
EndProject
Project("{FAE04EC0-301F-11D3-BF4B-00C04F79EFBC}") = "Ais.ToDo.Tests", "src\Ais.ToDo.Tests\Ais.ToDo.Tests.csproj", "{F7577443-5346-4B98-9F78-90D53C90DD25}"
EndProject
Project("{FAE04EC0-301F-11D3-BF4B-00C04F79EFBC}") = "Ais.ToDo.Infrastructure", "src\Ais.ToDo.Infrastructure\Ais.ToDo.Infrastructure.csproj", "{AE8ABCBF-32E7-41F0-BCCA-4E94B3164588}"
EndProject
Project("{FAE04EC0-301F-11D3-BF4B-00C04F79EFBC}") = "Ais.Commons.EntityFramework.Contracts", "src\Ais.Commons.EntityFramework.Contracts\Ais.Commons.EntityFramework.Contracts.csproj", "{DEDA09C5-0899-4EC7-94D0-86E42AB8CFB9}"
EndProject
Project("{2150E333-8FDC-42A3-9474-1A3956D46DE8}") = "Aspire", "Aspire", "{A07C6CDF-6D33-4631-AAEF-414603915D68}"
EndProject
Project("{FAE04EC0-301F-11D3-BF4B-00C04F79EFBC}") = "Ais.ToDo.AppHost", "src\Ais.ToDo.AppHost\Ais.ToDo.AppHost.csproj", "{90DAF3B2-1595-458E-B2F2-FB049782B124}"
EndProject
Project("{FAE04EC0-301F-11D3-BF4B-00C04F79EFBC}") = "Ais.Commons.ServiceDefaults", "src\Ais.Commons.ServiceDefaults\Ais.Commons.ServiceDefaults.csproj", "{C8EA17F0-BB06-4CE9-A4E5-CF6F5E3AB123}"
EndProject
Project("{FAE04EC0-301F-11D3-BF4B-00C04F79EFBC}") = "Ais.Commons.Tests", "src\Ais.Commons.Tests\Ais.Commons.Tests.csproj", "{83C3864A-AFD6-43B2-A38A-BC8C8CECA48F}"
EndProject
Global
	GlobalSection(SolutionConfigurationPlatforms) = preSolution
		Debug|Any CPU = Debug|Any CPU
		Release|Any CPU = Release|Any CPU
	EndGlobalSection
	GlobalSection(NestedProjects) = preSolution
		{90BAA5A4-4E9D-4BB0-9DD1-95D7924E6FC7} = {6CE6841B-08B2-4DB1-9E00-D9838195673F}
		{58C33BE1-8197-487C-83B8-8451E21D0CC0} = {90BAA5A4-4E9D-4BB0-9DD1-95D7924E6FC7}
		{7683DDCD-0243-472A-9909-C7AE7A2190E4} = {90BAA5A4-4E9D-4BB0-9DD1-95D7924E6FC7}
		{22BB7A7B-B1A8-46EB-B7DA-A9E95D68D40F} = {90BAA5A4-4E9D-4BB0-9DD1-95D7924E6FC7}
		{0148E159-FDA8-475C-9E53-65FCD94F75D7} = {90BAA5A4-4E9D-4BB0-9DD1-95D7924E6FC7}
		{BBEEC74E-451A-4F5B-AF41-CEE0B8C4ACBD} = {6CE6841B-08B2-4DB1-9E00-D9838195673F}
		{F9ACF54F-80BA-4886-AB40-542A0E8F9D73} = {BBEEC74E-451A-4F5B-AF41-CEE0B8C4ACBD}
		{DD82D938-BBBD-44A6-9EB0-DBEDE2EB4B4F} = {BBEEC74E-451A-4F5B-AF41-CEE0B8C4ACBD}
		{3AABDCC8-C9F2-446B-A478-FD3244F61FA4} = {BBEEC74E-451A-4F5B-AF41-CEE0B8C4ACBD}
		{568D7C71-F3A7-42B2-9301-5E1A7EA8CD43} = {BBEEC74E-451A-4F5B-AF41-CEE0B8C4ACBD}
		{92C504EC-1133-4D1C-9518-C618C59BE27E} = {90BAA5A4-4E9D-4BB0-9DD1-95D7924E6FC7}
		{FE70E6AF-6F0B-45C7-93C4-D3BEA15C10EE} = {BBEEC74E-451A-4F5B-AF41-CEE0B8C4ACBD}
		{F7577443-5346-4B98-9F78-90D53C90DD25} = {90BAA5A4-4E9D-4BB0-9DD1-95D7924E6FC7}
		{AE8ABCBF-32E7-41F0-BCCA-4E94B3164588} = {90BAA5A4-4E9D-4BB0-9DD1-95D7924E6FC7}
		{DEDA09C5-0899-4EC7-94D0-86E42AB8CFB9} = {BBEEC74E-451A-4F5B-AF41-CEE0B8C4ACBD}
		{A07C6CDF-6D33-4631-AAEF-414603915D68} = {6CE6841B-08B2-4DB1-9E00-D9838195673F}
		{90DAF3B2-1595-458E-B2F2-FB049782B124} = {A07C6CDF-6D33-4631-AAEF-414603915D68}
		{C8EA17F0-BB06-4CE9-A4E5-CF6F5E3AB123} = {BBEEC74E-451A-4F5B-AF41-CEE0B8C4ACBD}
		{83C3864A-AFD6-43B2-A38A-BC8C8CECA48F} = {BBEEC74E-451A-4F5B-AF41-CEE0B8C4ACBD}
	EndGlobalSection
	GlobalSection(ProjectConfigurationPlatforms) = postSolution
		{58C33BE1-8197-487C-83B8-8451E21D0CC0}.Debug|Any CPU.ActiveCfg = Debug|Any CPU
		{58C33BE1-8197-487C-83B8-8451E21D0CC0}.Debug|Any CPU.Build.0 = Debug|Any CPU
		{58C33BE1-8197-487C-83B8-8451E21D0CC0}.Release|Any CPU.ActiveCfg = Release|Any CPU
		{58C33BE1-8197-487C-83B8-8451E21D0CC0}.Release|Any CPU.Build.0 = Release|Any CPU
		{7683DDCD-0243-472A-9909-C7AE7A2190E4}.Debug|Any CPU.ActiveCfg = Debug|Any CPU
		{7683DDCD-0243-472A-9909-C7AE7A2190E4}.Debug|Any CPU.Build.0 = Debug|Any CPU
		{7683DDCD-0243-472A-9909-C7AE7A2190E4}.Release|Any CPU.ActiveCfg = Release|Any CPU
		{7683DDCD-0243-472A-9909-C7AE7A2190E4}.Release|Any CPU.Build.0 = Release|Any CPU
		{22BB7A7B-B1A8-46EB-B7DA-A9E95D68D40F}.Debug|Any CPU.ActiveCfg = Debug|Any CPU
		{22BB7A7B-B1A8-46EB-B7DA-A9E95D68D40F}.Debug|Any CPU.Build.0 = Debug|Any CPU
		{22BB7A7B-B1A8-46EB-B7DA-A9E95D68D40F}.Release|Any CPU.ActiveCfg = Release|Any CPU
		{22BB7A7B-B1A8-46EB-B7DA-A9E95D68D40F}.Release|Any CPU.Build.0 = Release|Any CPU
		{0148E159-FDA8-475C-9E53-65FCD94F75D7}.Debug|Any CPU.ActiveCfg = Debug|Any CPU
		{0148E159-FDA8-475C-9E53-65FCD94F75D7}.Debug|Any CPU.Build.0 = Debug|Any CPU
		{0148E159-FDA8-475C-9E53-65FCD94F75D7}.Release|Any CPU.ActiveCfg = Release|Any CPU
		{0148E159-FDA8-475C-9E53-65FCD94F75D7}.Release|Any CPU.Build.0 = Release|Any CPU
		{F9ACF54F-80BA-4886-AB40-542A0E8F9D73}.Debug|Any CPU.ActiveCfg = Debug|Any CPU
		{F9ACF54F-80BA-4886-AB40-542A0E8F9D73}.Debug|Any CPU.Build.0 = Debug|Any CPU
		{F9ACF54F-80BA-4886-AB40-542A0E8F9D73}.Release|Any CPU.ActiveCfg = Release|Any CPU
		{F9ACF54F-80BA-4886-AB40-542A0E8F9D73}.Release|Any CPU.Build.0 = Release|Any CPU
		{DD82D938-BBBD-44A6-9EB0-DBEDE2EB4B4F}.Debug|Any CPU.ActiveCfg = Debug|Any CPU
		{DD82D938-BBBD-44A6-9EB0-DBEDE2EB4B4F}.Debug|Any CPU.Build.0 = Debug|Any CPU
		{DD82D938-BBBD-44A6-9EB0-DBEDE2EB4B4F}.Release|Any CPU.ActiveCfg = Release|Any CPU
		{DD82D938-BBBD-44A6-9EB0-DBEDE2EB4B4F}.Release|Any CPU.Build.0 = Release|Any CPU
		{3AABDCC8-C9F2-446B-A478-FD3244F61FA4}.Debug|Any CPU.ActiveCfg = Debug|Any CPU
		{3AABDCC8-C9F2-446B-A478-FD3244F61FA4}.Debug|Any CPU.Build.0 = Debug|Any CPU
		{3AABDCC8-C9F2-446B-A478-FD3244F61FA4}.Release|Any CPU.ActiveCfg = Release|Any CPU
		{3AABDCC8-C9F2-446B-A478-FD3244F61FA4}.Release|Any CPU.Build.0 = Release|Any CPU
		{568D7C71-F3A7-42B2-9301-5E1A7EA8CD43}.Debug|Any CPU.ActiveCfg = Debug|Any CPU
		{568D7C71-F3A7-42B2-9301-5E1A7EA8CD43}.Debug|Any CPU.Build.0 = Debug|Any CPU
		{568D7C71-F3A7-42B2-9301-5E1A7EA8CD43}.Release|Any CPU.ActiveCfg = Release|Any CPU
		{568D7C71-F3A7-42B2-9301-5E1A7EA8CD43}.Release|Any CPU.Build.0 = Release|Any CPU
		{92C504EC-1133-4D1C-9518-C618C59BE27E}.Debug|Any CPU.ActiveCfg = Debug|Any CPU
		{92C504EC-1133-4D1C-9518-C618C59BE27E}.Debug|Any CPU.Build.0 = Debug|Any CPU
		{92C504EC-1133-4D1C-9518-C618C59BE27E}.Release|Any CPU.ActiveCfg = Release|Any CPU
		{92C504EC-1133-4D1C-9518-C618C59BE27E}.Release|Any CPU.Build.0 = Release|Any CPU
		{FE70E6AF-6F0B-45C7-93C4-D3BEA15C10EE}.Debug|Any CPU.ActiveCfg = Debug|Any CPU
		{FE70E6AF-6F0B-45C7-93C4-D3BEA15C10EE}.Debug|Any CPU.Build.0 = Debug|Any CPU
		{FE70E6AF-6F0B-45C7-93C4-D3BEA15C10EE}.Release|Any CPU.ActiveCfg = Release|Any CPU
		{FE70E6AF-6F0B-45C7-93C4-D3BEA15C10EE}.Release|Any CPU.Build.0 = Release|Any CPU
		{F7577443-5346-4B98-9F78-90D53C90DD25}.Debug|Any CPU.ActiveCfg = Debug|Any CPU
		{F7577443-5346-4B98-9F78-90D53C90DD25}.Debug|Any CPU.Build.0 = Debug|Any CPU
		{F7577443-5346-4B98-9F78-90D53C90DD25}.Release|Any CPU.ActiveCfg = Release|Any CPU
		{F7577443-5346-4B98-9F78-90D53C90DD25}.Release|Any CPU.Build.0 = Release|Any CPU
		{AE8ABCBF-32E7-41F0-BCCA-4E94B3164588}.Debug|Any CPU.ActiveCfg = Debug|Any CPU
		{AE8ABCBF-32E7-41F0-BCCA-4E94B3164588}.Debug|Any CPU.Build.0 = Debug|Any CPU
		{AE8ABCBF-32E7-41F0-BCCA-4E94B3164588}.Release|Any CPU.ActiveCfg = Release|Any CPU
		{AE8ABCBF-32E7-41F0-BCCA-4E94B3164588}.Release|Any CPU.Build.0 = Release|Any CPU
		{DEDA09C5-0899-4EC7-94D0-86E42AB8CFB9}.Debug|Any CPU.ActiveCfg = Debug|Any CPU
		{DEDA09C5-0899-4EC7-94D0-86E42AB8CFB9}.Debug|Any CPU.Build.0 = Debug|Any CPU
		{DEDA09C5-0899-4EC7-94D0-86E42AB8CFB9}.Release|Any CPU.ActiveCfg = Release|Any CPU
		{DEDA09C5-0899-4EC7-94D0-86E42AB8CFB9}.Release|Any CPU.Build.0 = Release|Any CPU
		{90DAF3B2-1595-458E-B2F2-FB049782B124}.Debug|Any CPU.ActiveCfg = Debug|Any CPU
		{90DAF3B2-1595-458E-B2F2-FB049782B124}.Debug|Any CPU.Build.0 = Debug|Any CPU
		{90DAF3B2-1595-458E-B2F2-FB049782B124}.Release|Any CPU.ActiveCfg = Release|Any CPU
		{90DAF3B2-1595-458E-B2F2-FB049782B124}.Release|Any CPU.Build.0 = Release|Any CPU
		{C8EA17F0-BB06-4CE9-A4E5-CF6F5E3AB123}.Debug|Any CPU.ActiveCfg = Debug|Any CPU
		{C8EA17F0-BB06-4CE9-A4E5-CF6F5E3AB123}.Debug|Any CPU.Build.0 = Debug|Any CPU
		{C8EA17F0-BB06-4CE9-A4E5-CF6F5E3AB123}.Release|Any CPU.ActiveCfg = Release|Any CPU
		{C8EA17F0-BB06-4CE9-A4E5-CF6F5E3AB123}.Release|Any CPU.Build.0 = Release|Any CPU
		{83C3864A-AFD6-43B2-A38A-BC8C8CECA48F}.Debug|Any CPU.ActiveCfg = Debug|Any CPU
		{83C3864A-AFD6-43B2-A38A-BC8C8CECA48F}.Debug|Any CPU.Build.0 = Debug|Any CPU
		{83C3864A-AFD6-43B2-A38A-BC8C8CECA48F}.Release|Any CPU.ActiveCfg = Release|Any CPU
		{83C3864A-AFD6-43B2-A38A-BC8C8CECA48F}.Release|Any CPU.Build.0 = Release|Any CPU
	EndGlobalSection
EndGlobal
